{
  "version": "v1",
  "packages": {
    "@pollar/core": {
      "signature": "1b1bd931a0c4d64a3a3af3db71f5a0ac",
      "file": true,
      "replaced": "^0.7.0"
    },
    "@pollar/react": {
      "signature": "6bdbb485325e66465ca18586e43937b2",
      "file": true,
      "replaced": "^0.7.0"
    },
    "@pollar/stellar-wallets-kit-adapter": {
      "signature": "f2f97c50c9bc6fc2e8195c820942de77",
      "file": true
    }
  }
}