{
  "version": "v1",
  "packages": {
    "@pollar/core": {
      "signature": "1ac510388165d51d8c8fefedc328f5f9",
      "file": true,
      "replaced": "^0.7.1"
    },
    "@pollar/react": {
      "signature": "56c943eb24f47d328cb5ed33db8f9a95",
      "file": true,
      "replaced": "^0.7.1"
    },
    "@pollar/stellar-wallets-kit-adapter": {
      "signature": "937208a91ecb0eae9e9aaccdec61996d",
      "file": true,
      "replaced": "^0.7.1"
    }
  }
}